{
  "object": {
    "pins": [
      {
        "package": "AXSwift",
        "repositoryURL": "https://github.com/runjuu/AXSwift.git",
        "state": {
          "branch": null,
          "revision": "7abf4298c95dc36e2c31b513115ba377e1f5d2f8",
          "version": null
        }
      },
      {
        "package": "CombineExt",
        "repositoryURL": "https://github.com/CombineCommunity/CombineExt.git",
        "state": {
          "branch": null,
          "revision": "d7b896fa9ca8b47fa7bcde6b43ef9b70bf8c1f56",
          "version": "1.8.1"
        }
      },
      {
        "package": "KeyboardShortcuts",
        "repositoryURL": "https://github.com/sindresorhus/KeyboardShortcuts",
        "state": {
          "branch": null,
          "revision": "01f89033f8492c2ee581720e2d391dec6b279b85",
          "version": "1.1.0"
        }
      },
      {
        "package": "LaunchAtLogin",
        "repositoryURL": "https://github.com/sindresorhus/LaunchAtLogin-Legacy",
        "state": {
          "branch": null,
          "revision": "e8171b3e38a2816f579f58f3dac1522aa39efe41",
          "version": "4.2.0"
        }
      },
      {
        "package": "SnapKit",
        "repositoryURL": "https://github.com/SnapKit/SnapKit.git",
        "state": {
          "branch": null,
          "revision": "f222cbdf325885926566172f6f5f06af95473158",
          "version": "5.6.0"
        }
      },
      {
        "package": "VisualEffects",
        "repositoryURL": "https://github.com/twostraws/VisualEffects.git",
        "state": {
          "branch": null,
          "revision": "8ff7f90f9650d9db5774275d0b1f07ef642ecf4d",
          "version": "1.0.3"
        }
      }
    ]
  },
  "version": 1
}
